
Microsoft Visual Studio Solution File, Format Version 12.00
# Visual Studio Version 16
VisualStudioVersion = 16.0.29728.190
MinimumVisualStudioVersion = 10.0.40219.1
Project("{FAE04EC0-301F-11D3-BF4B-00C04F79EFBC}") = "FloatIntegration", "FloatIntegration\FloatIntegration.csproj", "{18474DF3-B392-4FFD-B695-D9B227AC9D1E}"
EndProject
Global
	GlobalSection(SolutionConfigurationPlatforms) = preSolution
		Debug|Any CPU = Debug|Any CPU
		Release|Any CPU = Release|Any CPU
	EndGlobalSection
	GlobalSection(ProjectConfigurationPlatforms) = postSolution
		{18474DF3-B392-4FFD-B695-D9B227AC9D1E}.Debug|Any CPU.ActiveCfg = Debug|Any CPU
		{18474DF3-B392-4FFD-B695-D9B227AC9D1E}.Debug|Any CPU.Build.0 = Debug|Any CPU
		{18474DF3-B392-4FFD-B695-D9B227AC9D1E}.Release|Any CPU.ActiveCfg = Release|Any CPU
		{18474DF3-B392-4FFD-B695-D9B227AC9D1E}.Release|Any CPU.Build.0 = Release|Any CPU
	EndGlobalSection
	GlobalSection(SolutionProperties) = preSolution
		HideSolutionNode = FALSE
	EndGlobalSection
	GlobalSection(ExtensibilityGlobals) = postSolution
		SolutionGuid = {4C94CA27-92E3-4F04-92D2-89A64008B1C9}
	EndGlobalSection
EndGlobal
